
Microsoft Visual Studio Solution File, Format Version 12.00
# Visual Studio Version 16
VisualStudioVersion = 16.0.31702.278
MinimumVisualStudioVersion = 10.0.40219.1
Project("{8BC9CEB8-8B4A-11D0-8D11-00A0C91BC942}") = "task18", "task18\task18.vcxproj", "{7723A8C2-1FC5-4AE0-B91F-FB2B1A045FC4}"
EndProject
Global
	GlobalSection(SolutionConfigurationPlatforms) = preSolution
		Debug|x64 = Debug|x64
		Debug|x86 = Debug|x86
		Release|x64 = Release|x64
		Release|x86 = Release|x86
	EndGlobalSection
	GlobalSection(ProjectConfigurationPlatforms) = postSolution
		{7723A8C2-1FC5-4AE0-B91F-FB2B1A045FC4}.Debug|x64.ActiveCfg = Debug|x64
		{7723A8C2-1FC5-4AE0-B91F-FB2B1A045FC4}.Debug|x64.Build.0 = Debug|x64
		{7723A8C2-1FC5-4AE0-B91F-FB2B1A045FC4}.Debug|x86.ActiveCfg = Debug|Win32
		{7723A8C2-1FC5-4AE0-B91F-FB2B1A045FC4}.Debug|x86.Build.0 = Debug|Win32
		{7723A8C2-1FC5-4AE0-B91F-FB2B1A045FC4}.Release|x64.ActiveCfg = Release|x64
		{7723A8C2-1FC5-4AE0-B91F-FB2B1A045FC4}.Release|x64.Build.0 = Release|x64
		{7723A8C2-1FC5-4AE0-B91F-FB2B1A045FC4}.Release|x86.ActiveCfg = Release|Win32
		{7723A8C2-1FC5-4AE0-B91F-FB2B1A045FC4}.Release|x86.Build.0 = Release|Win32
	EndGlobalSection
	GlobalSection(SolutionProperties) = preSolution
		HideSolutionNode = FALSE
	EndGlobalSection
	GlobalSection(ExtensibilityGlobals) = postSolution
		SolutionGuid = {CC4A4552-5EA1-4840-87A2-2509C7ADFC66}
	EndGlobalSection
EndGlobal
